
Microsoft Visual Studio Solution File, Format Version 12.00
# Visual Studio 15
VisualStudioVersion = 15.0.28307.645
MinimumVisualStudioVersion = 10.0.40219.1
Project("{9A19103F-16F7-4668-BE54-9A1E7A4F7556}") = "Rocket.Libraries.CallProxy", "src\Rocket.Libraries.CallProxy.csproj", "{1CD8AC23-F9A9-43DB-A1F4-BA7C1545B6CB}"
EndProject
Global
	GlobalSection(SolutionConfigurationPlatforms) = preSolution
		Debug|Any CPU = Debug|Any CPU
		Release|Any CPU = Release|Any CPU
	EndGlobalSection
	GlobalSection(ProjectConfigurationPlatforms) = postSolution
		{1CD8AC23-F9A9-43DB-A1F4-BA7C1545B6CB}.Debug|Any CPU.ActiveCfg = Debug|Any CPU
		{1CD8AC23-F9A9-43DB-A1F4-BA7C1545B6CB}.Debug|Any CPU.Build.0 = Debug|Any CPU
		{1CD8AC23-F9A9-43DB-A1F4-BA7C1545B6CB}.Release|Any CPU.ActiveCfg = Release|Any CPU
		{1CD8AC23-F9A9-43DB-A1F4-BA7C1545B6CB}.Release|Any CPU.Build.0 = Release|Any CPU
	EndGlobalSection
	GlobalSection(SolutionProperties) = preSolution
		HideSolutionNode = FALSE
	EndGlobalSection
	GlobalSection(ExtensibilityGlobals) = postSolution
		SolutionGuid = {D5260D5C-65FF-422D-BC71-64AE951F0EA3}
	EndGlobalSection
EndGlobal
